
Microsoft Visual Studio Solution File, Format Version 12.00
# Visual Studio Version 17
VisualStudioVersion = 17.4.33213.308
MinimumVisualStudioVersion = 10.0.40219.1
Project("{FAE04EC0-301F-11D3-BF4B-00C04F79EFBC}") = "Lists", "Lists\Lists.csproj", "{8249CB6B-1C02-4AC8-9178-5A7714DDDBFC}"
EndProject
Global
	GlobalSection(SolutionConfigurationPlatforms) = preSolution
		Debug|Any CPU = Debug|Any CPU
		Release|Any CPU = Release|Any CPU
	EndGlobalSection
	GlobalSection(ProjectConfigurationPlatforms) = postSolution
		{8249CB6B-1C02-4AC8-9178-5A7714DDDBFC}.Debug|Any CPU.ActiveCfg = Debug|Any CPU
		{8249CB6B-1C02-4AC8-9178-5A7714DDDBFC}.Debug|Any CPU.Build.0 = Debug|Any CPU
		{8249CB6B-1C02-4AC8-9178-5A7714DDDBFC}.Release|Any CPU.ActiveCfg = Release|Any CPU
		{8249CB6B-1C02-4AC8-9178-5A7714DDDBFC}.Release|Any CPU.Build.0 = Release|Any CPU
	EndGlobalSection
	GlobalSection(SolutionProperties) = preSolution
		HideSolutionNode = FALSE
	EndGlobalSection
	GlobalSection(ExtensibilityGlobals) = postSolution
		SolutionGuid = {C103D7B2-5ABF-4B39-93A7-A40ED179491F}
	EndGlobalSection
EndGlobal
